
Microsoft Visual Studio Solution File, Format Version 12.00
# Visual Studio Version 17
VisualStudioVersion = 17.11.35312.102
MinimumVisualStudioVersion = 10.0.40219.1
Project("{F184B08F-C81C-45F6-A57F-5ABD9991F28F}") = "Semana6", "Semana6\Semana6.vbproj", "{A1EC9AAD-2AC7-4E4A-9994-178CA6D49FBE}"
EndProject
Global
	GlobalSection(SolutionConfigurationPlatforms) = preSolution
		Debug|Any CPU = Debug|Any CPU
		Release|Any CPU = Release|Any CPU
	EndGlobalSection
	GlobalSection(ProjectConfigurationPlatforms) = postSolution
		{A1EC9AAD-2AC7-4E4A-9994-178CA6D49FBE}.Debug|Any CPU.ActiveCfg = Debug|Any CPU
		{A1EC9AAD-2AC7-4E4A-9994-178CA6D49FBE}.Debug|Any CPU.Build.0 = Debug|Any CPU
		{A1EC9AAD-2AC7-4E4A-9994-178CA6D49FBE}.Release|Any CPU.ActiveCfg = Release|Any CPU
		{A1EC9AAD-2AC7-4E4A-9994-178CA6D49FBE}.Release|Any CPU.Build.0 = Release|Any CPU
	EndGlobalSection
	GlobalSection(SolutionProperties) = preSolution
		HideSolutionNode = FALSE
	EndGlobalSection
	GlobalSection(ExtensibilityGlobals) = postSolution
		SolutionGuid = {463C9EA1-9C77-43D5-ADDC-6EE36A4DFA5E}
	EndGlobalSection
EndGlobal
